
Microsoft Visual Studio Solution File, Format Version 12.00
# Visual Studio Version 16
VisualStudioVersion = 16.0.30204.135
MinimumVisualStudioVersion = 10.0.40219.1
Project("{9A19103F-16F7-4668-BE54-9A1E7A4F7556}") = "CompellingExample", "CompellingExample\CompellingExample.csproj", "{9438C77C-EDA2-490F-8595-B532ABA88AE4}"
EndProject
Project("{FAE04EC0-301F-11D3-BF4B-00C04F79EFBC}") = "CompellingExample.Blazor.Server", "CompellingExample.Blazor\Server\CompellingExample.Blazor.Server.csproj", "{D96C967E-700D-4F9C-B418-5AB4D1EE22A7}"
EndProject
Project("{FAE04EC0-301F-11D3-BF4B-00C04F79EFBC}") = "CompellingExample.Blazor.Client", "CompellingExample.Blazor\Client\CompellingExample.Blazor.Client.csproj", "{262BD4AA-777E-4F6F-AF61-276CFA518335}"
EndProject
Project("{FAE04EC0-301F-11D3-BF4B-00C04F79EFBC}") = "CompellingExample.Blazor.Shared", "CompellingExample.Blazor\Shared\CompellingExample.Blazor.Shared.csproj", "{701CD316-4BC3-4BAE-A2DB-7A87B4376244}"
EndProject
Global
	GlobalSection(SolutionConfigurationPlatforms) = preSolution
		Debug|Any CPU = Debug|Any CPU
		Release|Any CPU = Release|Any CPU
	EndGlobalSection
	GlobalSection(ProjectConfigurationPlatforms) = postSolution
		{9438C77C-EDA2-490F-8595-B532ABA88AE4}.Debug|Any CPU.ActiveCfg = Debug|Any CPU
		{9438C77C-EDA2-490F-8595-B532ABA88AE4}.Debug|Any CPU.Build.0 = Debug|Any CPU
		{9438C77C-EDA2-490F-8595-B532ABA88AE4}.Release|Any CPU.ActiveCfg = Release|Any CPU
		{9438C77C-EDA2-490F-8595-B532ABA88AE4}.Release|Any CPU.Build.0 = Release|Any CPU
		{D96C967E-700D-4F9C-B418-5AB4D1EE22A7}.Debug|Any CPU.ActiveCfg = Debug|Any CPU
		{D96C967E-700D-4F9C-B418-5AB4D1EE22A7}.Debug|Any CPU.Build.0 = Debug|Any CPU
		{D96C967E-700D-4F9C-B418-5AB4D1EE22A7}.Release|Any CPU.ActiveCfg = Release|Any CPU
		{D96C967E-700D-4F9C-B418-5AB4D1EE22A7}.Release|Any CPU.Build.0 = Release|Any CPU
		{262BD4AA-777E-4F6F-AF61-276CFA518335}.Debug|Any CPU.ActiveCfg = Debug|Any CPU
		{262BD4AA-777E-4F6F-AF61-276CFA518335}.Debug|Any CPU.Build.0 = Debug|Any CPU
		{262BD4AA-777E-4F6F-AF61-276CFA518335}.Release|Any CPU.ActiveCfg = Release|Any CPU
		{262BD4AA-777E-4F6F-AF61-276CFA518335}.Release|Any CPU.Build.0 = Release|Any CPU
		{701CD316-4BC3-4BAE-A2DB-7A87B4376244}.Debug|Any CPU.ActiveCfg = Debug|Any CPU
		{701CD316-4BC3-4BAE-A2DB-7A87B4376244}.Debug|Any CPU.Build.0 = Debug|Any CPU
		{701CD316-4BC3-4BAE-A2DB-7A87B4376244}.Release|Any CPU.ActiveCfg = Release|Any CPU
		{701CD316-4BC3-4BAE-A2DB-7A87B4376244}.Release|Any CPU.Build.0 = Release|Any CPU
	EndGlobalSection
	GlobalSection(SolutionProperties) = preSolution
		HideSolutionNode = FALSE
	EndGlobalSection
	GlobalSection(ExtensibilityGlobals) = postSolution
		SolutionGuid = {5288B440-B4C5-48B6-AF00-D7D3DC014A27}
	EndGlobalSection
EndGlobal
