
Microsoft Visual Studio Solution File, Format Version 12.00
# Visual Studio Version 16
VisualStudioVersion = 16.0.30204.135
MinimumVisualStudioVersion = 10.0.40219.1
Project("{9A19103F-16F7-4668-BE54-9A1E7A4F7556}") = "CompellingExample", "CompellingExample\CompellingExample.csproj", "{9438C77C-EDA2-490F-8595-B532ABA88AE4}"
EndProject
Project("{9A19103F-16F7-4668-BE54-9A1E7A4F7556}") = "CompellingExample.WebApi", "CompellingExample.WebApi\CompellingExample.WebApi.csproj", "{87EA197A-0372-4E3A-B0D1-A67453EA77E4}"
EndProject
Project("{9A19103F-16F7-4668-BE54-9A1E7A4F7556}") = "CompellingExample.Models", "CompellingExample.Shared\CompellingExample.Models.csproj", "{4E86B826-837F-42BD-AFBA-AD2DDF0FA756}"
EndProject
Global
	GlobalSection(SolutionConfigurationPlatforms) = preSolution
		Debug|Any CPU = Debug|Any CPU
		Release|Any CPU = Release|Any CPU
	EndGlobalSection
	GlobalSection(ProjectConfigurationPlatforms) = postSolution
		{9438C77C-EDA2-490F-8595-B532ABA88AE4}.Debug|Any CPU.ActiveCfg = Debug|Any CPU
		{9438C77C-EDA2-490F-8595-B532ABA88AE4}.Debug|Any CPU.Build.0 = Debug|Any CPU
		{9438C77C-EDA2-490F-8595-B532ABA88AE4}.Release|Any CPU.ActiveCfg = Release|Any CPU
		{9438C77C-EDA2-490F-8595-B532ABA88AE4}.Release|Any CPU.Build.0 = Release|Any CPU
		{87EA197A-0372-4E3A-B0D1-A67453EA77E4}.Debug|Any CPU.ActiveCfg = Debug|Any CPU
		{87EA197A-0372-4E3A-B0D1-A67453EA77E4}.Debug|Any CPU.Build.0 = Debug|Any CPU
		{87EA197A-0372-4E3A-B0D1-A67453EA77E4}.Release|Any CPU.ActiveCfg = Release|Any CPU
		{87EA197A-0372-4E3A-B0D1-A67453EA77E4}.Release|Any CPU.Build.0 = Release|Any CPU
		{4E86B826-837F-42BD-AFBA-AD2DDF0FA756}.Debug|Any CPU.ActiveCfg = Debug|Any CPU
		{4E86B826-837F-42BD-AFBA-AD2DDF0FA756}.Debug|Any CPU.Build.0 = Debug|Any CPU
		{4E86B826-837F-42BD-AFBA-AD2DDF0FA756}.Release|Any CPU.ActiveCfg = Release|Any CPU
		{4E86B826-837F-42BD-AFBA-AD2DDF0FA756}.Release|Any CPU.Build.0 = Release|Any CPU
	EndGlobalSection
	GlobalSection(SolutionProperties) = preSolution
		HideSolutionNode = FALSE
	EndGlobalSection
	GlobalSection(ExtensibilityGlobals) = postSolution
		SolutionGuid = {5288B440-B4C5-48B6-AF00-D7D3DC014A27}
	EndGlobalSection
EndGlobal
